
Microsoft Visual Studio Solution File, Format Version 12.00
# Visual Studio 15
VisualStudioVersion = 15.0.28307.438
MinimumVisualStudioVersion = 10.0.40219.1
Project("{FAE04EC0-301F-11D3-BF4B-00C04F79EFBC}") = "week9a", "week9a\week9a.csproj", "{0A01A620-D5E9-409A-B2E6-A792B59EDAC6}"
EndProject
Global
	GlobalSection(SolutionConfigurationPlatforms) = preSolution
		Debug|Any CPU = Debug|Any CPU
		Release|Any CPU = Release|Any CPU
	EndGlobalSection
	GlobalSection(ProjectConfigurationPlatforms) = postSolution
		{0A01A620-D5E9-409A-B2E6-A792B59EDAC6}.Debug|Any CPU.ActiveCfg = Debug|Any CPU
		{0A01A620-D5E9-409A-B2E6-A792B59EDAC6}.Debug|Any CPU.Build.0 = Debug|Any CPU
		{0A01A620-D5E9-409A-B2E6-A792B59EDAC6}.Release|Any CPU.ActiveCfg = Release|Any CPU
		{0A01A620-D5E9-409A-B2E6-A792B59EDAC6}.Release|Any CPU.Build.0 = Release|Any CPU
	EndGlobalSection
	GlobalSection(SolutionProperties) = preSolution
		HideSolutionNode = FALSE
	EndGlobalSection
	GlobalSection(ExtensibilityGlobals) = postSolution
		SolutionGuid = {50D9F44A-7D88-4D16-8DFB-D87A919EC76F}
	EndGlobalSection
EndGlobal
